
Microsoft Visual Studio Solution File, Format Version 12.00
# Visual Studio Version 16
VisualStudioVersion = 16.0.31424.327
MinimumVisualStudioVersion = 10.0.40219.1
Project("{9A19103F-16F7-4668-BE54-9A1E7A4F7556}") = "2017AS603", "2017AS603.csproj", "{51DBBD48-47D0-4CCE-9A94-49ABC13E6254}"
EndProject
Global
	GlobalSection(SolutionConfigurationPlatforms) = preSolution
		Debug|Any CPU = Debug|Any CPU
		Release|Any CPU = Release|Any CPU
	EndGlobalSection
	GlobalSection(ProjectConfigurationPlatforms) = postSolution
		{51DBBD48-47D0-4CCE-9A94-49ABC13E6254}.Debug|Any CPU.ActiveCfg = Debug|Any CPU
		{51DBBD48-47D0-4CCE-9A94-49ABC13E6254}.Debug|Any CPU.Build.0 = Debug|Any CPU
		{51DBBD48-47D0-4CCE-9A94-49ABC13E6254}.Release|Any CPU.ActiveCfg = Release|Any CPU
		{51DBBD48-47D0-4CCE-9A94-49ABC13E6254}.Release|Any CPU.Build.0 = Release|Any CPU
	EndGlobalSection
	GlobalSection(SolutionProperties) = preSolution
		HideSolutionNode = FALSE
	EndGlobalSection
	GlobalSection(ExtensibilityGlobals) = postSolution
		SolutionGuid = {B069BFD2-42C1-458F-AE88-093AF42B79CB}
	EndGlobalSection
EndGlobal
